
Microsoft Visual Studio Solution File, Format Version 12.00
# Visual Studio 15
VisualStudioVersion = 15.0.28307.136
MinimumVisualStudioVersion = 10.0.40219.1
Project("{FAE04EC0-301F-11D3-BF4B-00C04F79EFBC}") = "SecureApi", "SecureApi\SecureApi.csproj", "{6108B541-78BB-40C8-B58D-A8923914165D}"
EndProject
Project("{FAE04EC0-301F-11D3-BF4B-00C04F79EFBC}") = "Client", "Client\Client.csproj", "{DF788A83-C98D-46A5-9E3D-342ABF9A72BF}"
EndProject
Global
	GlobalSection(SolutionConfigurationPlatforms) = preSolution
		Debug|Any CPU = Debug|Any CPU
		Release|Any CPU = Release|Any CPU
	EndGlobalSection
	GlobalSection(ProjectConfigurationPlatforms) = postSolution
		{6108B541-78BB-40C8-B58D-A8923914165D}.Debug|Any CPU.ActiveCfg = Debug|Any CPU
		{6108B541-78BB-40C8-B58D-A8923914165D}.Debug|Any CPU.Build.0 = Debug|Any CPU
		{6108B541-78BB-40C8-B58D-A8923914165D}.Release|Any CPU.ActiveCfg = Release|Any CPU
		{6108B541-78BB-40C8-B58D-A8923914165D}.Release|Any CPU.Build.0 = Release|Any CPU
		{DF788A83-C98D-46A5-9E3D-342ABF9A72BF}.Debug|Any CPU.ActiveCfg = Debug|Any CPU
		{DF788A83-C98D-46A5-9E3D-342ABF9A72BF}.Debug|Any CPU.Build.0 = Debug|Any CPU
		{DF788A83-C98D-46A5-9E3D-342ABF9A72BF}.Release|Any CPU.ActiveCfg = Release|Any CPU
		{DF788A83-C98D-46A5-9E3D-342ABF9A72BF}.Release|Any CPU.Build.0 = Release|Any CPU
	EndGlobalSection
	GlobalSection(SolutionProperties) = preSolution
		HideSolutionNode = FALSE
	EndGlobalSection
	GlobalSection(ExtensibilityGlobals) = postSolution
		SolutionGuid = {8B23B8AD-2124-4AB9-A204-7C12FBFFE157}
	EndGlobalSection
EndGlobal
